<?xml version="1.0" encoding="utf-8"?>
<Project ToolsVersion="4.0" xmlns="http://schemas.microsoft.com/developer/msbuild/2003">
  <ItemGroup>
    <Filter Include="Source Files">
      <UniqueIdentifier>{d25f7338-a80c-4ce5-90be-79d702b8935a}</UniqueIdentifier>
      <Extensions>cpp;c;cxx;rc;def;r;odl;idl;hpj;bat</Extensions>
    </Filter>
    <Filter Include="Source Files\su">
      <UniqueIdentifier>{4a7ceb9c-2229-453c-b893-f7886b4547f2}</UniqueIdentifier>
      <Extensions>su*.c</Extensions>
    </Filter>
    <Filter Include="Source Files\ipt">
      <UniqueIdentifier>{e8f99fac-7898-45f0-9c6d-ac7de72413f5}</UniqueIdentifier>
    </Filter>
    <Filter Include="Source Files\url">
      <UniqueIdentifier>{6a59624b-5e1d-4748-b4c1-9d3cd6e5ab81}</UniqueIdentifier>
      <Extensions>url*.c</Extensions>
    </Filter>
    <Filter Include="Source Files\features">
      <UniqueIdentifier>{cd601eed-5a7c-48ed-8703-4c0ccfdba562}</UniqueIdentifier>
      <Extensions>features*.c</Extensions>
    </Filter>
    <Filter Include="Source Files\bnf">
      <UniqueIdentifier>{cbdf5c20-2de8-4faf-b61b-c7f07ead3cc8}</UniqueIdentifier>
      <Extensions>bnf*.c</Extensions>
    </Filter>
    <Filter Include="Source Files\msg">
      <UniqueIdentifier>{0dabd71a-e5d9-46b2-b4dc-80cd30b67674}</UniqueIdentifier>
      <Extensions>msg*.c</Extensions>
    </Filter>
    <Filter Include="Source Files\clib replacement">
      <UniqueIdentifier>{a275b4b3-5843-4a33-a676-2b411ce82a13}</UniqueIdentifier>
    </Filter>
    <Filter Include="Source Files\sip">
      <UniqueIdentifier>{5813442d-d92c-4f61-96e1-3a91ca7bfa8a}</UniqueIdentifier>
    </Filter>
    <Filter Include="Source Files\http">
      <UniqueIdentifier>{5f9338f0-4b68-4f69-907c-ed59cee25ac3}</UniqueIdentifier>
    </Filter>
    <Filter Include="Source Files\nth">
      <UniqueIdentifier>{973351e1-5c1e-41d1-aa14-94dce5ae136b}</UniqueIdentifier>
    </Filter>
    <Filter Include="Source Files\sresolv">
      <UniqueIdentifier>{670da913-bc0c-41ef-93ed-2581597fb2cc}</UniqueIdentifier>
    </Filter>
    <Filter Include="Source Files\nea">
      <UniqueIdentifier>{db124a18-5840-4f78-a559-01921e577c21}</UniqueIdentifier>
    </Filter>
    <Filter Include="Source Files\iptsec">
      <UniqueIdentifier>{68877e37-00e9-4733-a67c-c453253f414c}</UniqueIdentifier>
    </Filter>
    <Filter Include="Source Files\stun">
      <UniqueIdentifier>{e0ebf394-f096-4717-908b-b4c9580f00b5}</UniqueIdentifier>
    </Filter>
    <Filter Include="Source Files\nua">
      <UniqueIdentifier>{be9d54cd-2605-42ec-8cda-725362e35157}</UniqueIdentifier>
    </Filter>
    <Filter Include="Source Files\nta">
      <UniqueIdentifier>{8672221d-519c-4d36-b9f4-c8d6d990e63a}</UniqueIdentifier>
    </Filter>
    <Filter Include="Source Files\tport">
      <UniqueIdentifier>{677c5058-169a-4da2-bcc7-184591fa2fdb}</UniqueIdentifier>
    </Filter>
    <Filter Include="Source Files\sdp">
      <UniqueIdentifier>{db43c929-7243-420c-9106-1c15c20c75a6}</UniqueIdentifier>
    </Filter>
    <Filter Include="Source Files\soa">
      <UniqueIdentifier>{2ff4e5a1-fba4-46bd-8407-a58bec588cd0}</UniqueIdentifier>
    </Filter>
    <Filter Include="Header Files">
      <UniqueIdentifier>{476c31b0-f823-4075-ac99-f91fbaf72731}</UniqueIdentifier>
      <Extensions>h;hpp;hxx;hm;inl</Extensions>
    </Filter>
    <Filter Include="Header Files\su headers">
      <UniqueIdentifier>{f6dd39eb-1e59-42f8-bca9-832839331f42}</UniqueIdentifier>
      <Extensions>su*.h</Extensions>
    </Filter>
    <Filter Include="Header Files\win32 headers">
      <UniqueIdentifier>{eb4fb112-4f97-4e30-a76a-bd2aedc8951d}</UniqueIdentifier>
    </Filter>
    <Filter Include="Header Files\ipt headers">
      <UniqueIdentifier>{d8ed03ce-220b-40f3-8a68-1c5dd4f491c6}</UniqueIdentifier>
    </Filter>
    <Filter Include="Header Files\url headers">
      <UniqueIdentifier>{78e1f28b-895e-426d-8c51-5614f47431e4}</UniqueIdentifier>
      <Extensions>url*.h</Extensions>
    </Filter>
    <Filter Include="Header Files\features headers">
      <UniqueIdentifier>{5cfd5d1a-a46d-431e-9055-0aa8aa0c430c}</UniqueIdentifier>
      <Extensions>features*.h</Extensions>
    </Filter>
    <Filter Include="Header Files\bnf headers">
      <UniqueIdentifier>{662f136b-4dbc-43b4-ae85-18174fce3ab4}</UniqueIdentifier>
      <Extensions>bnf*.h</Extensions>
    </Filter>
    <Filter Include="Header Files\msg headers">
      <UniqueIdentifier>{0a16bc94-c088-4bcb-a571-387e49a12e39}</UniqueIdentifier>
    </Filter>
    <Filter Include="Header Files\sip headers">
      <UniqueIdentifier>{625908ec-5fb2-46a3-b3ed-85e0656b6ea9}</UniqueIdentifier>
    </Filter>
    <Filter Include="Header Files\http headers">
      <UniqueIdentifier>{ddc7b397-5752-442d-a0c8-648feff9563f}</UniqueIdentifier>
    </Filter>
    <Filter Include="Header Files\nth headers">
      <UniqueIdentifier>{c24fe033-8f2d-486f-a2e4-d3357a99f2d3}</UniqueIdentifier>
    </Filter>
    <Filter Include="Header Files\sresolv headers">
      <UniqueIdentifier>{78d01035-d557-4b23-82d8-a35c9cc438ed}</UniqueIdentifier>
    </Filter>
    <Filter Include="Header Files\nea headers">
      <UniqueIdentifier>{d491fbcc-7bc0-4269-97c8-36fe7bc0ccd6}</UniqueIdentifier>
    </Filter>
    <Filter Include="Header Files\iptsec headers">
      <UniqueIdentifier>{344d0f13-9e66-4cfa-a13e-931139083905}</UniqueIdentifier>
    </Filter>
    <Filter Include="Header Files\stun headers">
      <UniqueIdentifier>{c976fa96-6a14-45da-a09d-97b4151054a7}</UniqueIdentifier>
    </Filter>
    <Filter Include="Header Files\nua headers">
      <UniqueIdentifier>{bef40809-5c4e-4f56-8cfc-e12dc1b0a903}</UniqueIdentifier>
    </Filter>
    <Filter Include="Header Files\nta headers">
      <UniqueIdentifier>{ef11981a-c2f2-4513-a83e-2a3526fa9716}</UniqueIdentifier>
    </Filter>
    <Filter Include="Header Files\tport headers">
      <UniqueIdentifier>{ae57124e-366c-4ad0-8304-d586aef3aa88}</UniqueIdentifier>
    </Filter>
    <Filter Include="Header Files\sdp headers">
      <UniqueIdentifier>{25b365f0-2406-4dff-a487-57b941558871}</UniqueIdentifier>
    </Filter>
    <Filter Include="Header Files\soa headers">
      <UniqueIdentifier>{c61978da-99e3-4749-b3af-5f47fd50a402}</UniqueIdentifier>
    </Filter>
  </ItemGroup>
  <ItemGroup>
    <ClCompile Include="..\..\libsofia-sip-ua\su\inet_ntop.c">
      <Filter>Source Files\su</Filter>
    </ClCompile>
    <ClCompile Include="..\..\libsofia-sip-ua\su\inet_pton.c">
      <Filter>Source Files\su</Filter>
    </ClCompile>
    <ClCompile Include="..\..\libsofia-sip-ua\su\string0.c">
      <Filter>Source Files\su</Filter>
    </ClCompile>
    <ClCompile Include="..\..\libsofia-sip-ua\su\su.c">
      <Filter>Source Files\su</Filter>
    </ClCompile>
    <ClCompile Include="..\..\libsofia-sip-ua\su\su_addrinfo.c">
      <Filter>Source Files\su</Filter>
    </ClCompile>
    <ClCompile Include="..\..\libsofia-sip-ua\su\su_alloc.c">
      <Filter>Source Files\su</Filter>
    </ClCompile>
    <ClCompile Include="..\..\libsofia-sip-ua\su\su_alloc_lock.c">
      <Filter>Source Files\su</Filter>
    </ClCompile>
    <ClCompile Include="..\..\libsofia-sip-ua\su\su_base_port.c">
      <Filter>Source Files\su</Filter>
    </ClCompile>
    <ClCompile Include="..\..\libsofia-sip-ua\su\su_bm.c">
      <Filter>Source Files\su</Filter>
    </ClCompile>
    <ClCompile Include="..\..\libsofia-sip-ua\su\su_default_log.c">
      <Filter>Source Files\su</Filter>
    </ClCompile>
    <ClCompile Include="..\..\libsofia-sip-ua\su\su_errno.c">
      <Filter>Source Files\su</Filter>
    </ClCompile>
    <ClCompile Include="..\..\libsofia-sip-ua\su\su_global_log.c">
      <Filter>Source Files\su</Filter>
    </ClCompile>
    <ClCompile Include="..\..\libsofia-sip-ua\su\su_localinfo.c">
      <Filter>Source Files\su</Filter>
    </ClCompile>
    <ClCompile Include="..\..\libsofia-sip-ua\su\su_log.c">
      <Filter>Source Files\su</Filter>
    </ClCompile>
    <ClCompile Include="..\..\libsofia-sip-ua\su\su_md5.c">
      <Filter>Source Files\su</Filter>
    </ClCompile>
    <ClCompile Include="..\..\libsofia-sip-ua\su\su_os_nw.c">
      <Filter>Source Files\su</Filter>
    </ClCompile>
    <ClCompile Include="..\..\libsofia-sip-ua\su\su_port.c">
      <Filter>Source Files\su</Filter>
    </ClCompile>
    <ClCompile Include="..\..\libsofia-sip-ua\su\su_pthread_port.c">
      <Filter>Source Files\su</Filter>
    </ClCompile>
    <ClCompile Include="..\..\libsofia-sip-ua\su\su_root.c">
      <Filter>Source Files\su</Filter>
    </ClCompile>
    <ClCompile Include="..\..\libsofia-sip-ua\su\su_socket_port.c">
      <Filter>Source Files\su</Filter>
    </ClCompile>
    <ClCompile Include="..\..\libsofia-sip-ua\su\su_sprintf.c">
      <Filter>Source Files\su</Filter>
    </ClCompile>
    <ClCompile Include="..\..\libsofia-sip-ua\su\su_strdup.c">
      <Filter>Source Files\su</Filter>
    </ClCompile>
    <ClCompile Include="..\..\libsofia-sip-ua\su\su_strlst.c">
      <Filter>Source Files\su</Filter>
    </ClCompile>
    <ClCompile Include="..\..\libsofia-sip-ua\su\su_tag.c">
      <Filter>Source Files\su</Filter>
    </ClCompile>
    <ClCompile Include="..\..\libsofia-sip-ua\su\su_tag_io.c">
      <Filter>Source Files\su</Filter>
    </ClCompile>
    <ClCompile Include="..\..\libsofia-sip-ua\su\su_taglist.c">
      <Filter>Source Files\su</Filter>
    </ClCompile>
    <ClCompile Include="..\..\libsofia-sip-ua\su\su_time.c">
      <Filter>Source Files\su</Filter>
    </ClCompile>
    <ClCompile Include="..\..\libsofia-sip-ua\su\su_time0.c">
      <Filter>Source Files\su</Filter>
    </ClCompile>
    <ClCompile Include="..\..\libsofia-sip-ua\su\su_timer.c">
      <Filter>Source Files\su</Filter>
    </ClCompile>
    <ClCompile Include="..\..\libsofia-sip-ua\su\su_uniqueid.c">
      <Filter>Source Files\su</Filter>
    </ClCompile>
    <ClCompile Include="..\..\libsofia-sip-ua\su\su_vector.c">
      <Filter>Source Files\su</Filter>
    </ClCompile>
    <ClCompile Include="..\..\libsofia-sip-ua\su\su_wait.c">
      <Filter>Source Files\su</Filter>
    </ClCompile>
    <ClCompile Include="..\..\libsofia-sip-ua\su\su_win32_port.c">
      <Filter>Source Files\su</Filter>
    </ClCompile>
    <ClCompile Include="..\..\libsofia-sip-ua\ipt\base64.c">
      <Filter>Source Files\ipt</Filter>
    </ClCompile>
    <ClCompile Include="..\..\libsofia-sip-ua\ipt\rc4.c">
      <Filter>Source Files\ipt</Filter>
    </ClCompile>
    <ClCompile Include="..\..\libsofia-sip-ua\ipt\token64.c">
      <Filter>Source Files\ipt</Filter>
    </ClCompile>
    <ClCompile Include="..\..\libsofia-sip-ua\url\url.c">
      <Filter>Source Files\url</Filter>
    </ClCompile>
    <ClCompile Include="..\..\libsofia-sip-ua\url\url_tag.c">
      <Filter>Source Files\url</Filter>
    </ClCompile>
    <ClCompile Include="..\..\libsofia-sip-ua\url\url_tag_ref.c">
      <Filter>Source Files\url</Filter>
    </ClCompile>
    <ClCompile Include="..\..\libsofia-sip-ua\features\features.c">
      <Filter>Source Files\features</Filter>
    </ClCompile>
    <ClCompile Include="..\..\libsofia-sip-ua\bnf\bnf.c">
      <Filter>Source Files\bnf</Filter>
    </ClCompile>
    <ClCompile Include="..\..\libsofia-sip-ua\msg\msg.c">
      <Filter>Source Files\msg</Filter>
    </ClCompile>
    <ClCompile Include="..\..\libsofia-sip-ua\msg\msg_auth.c">
      <Filter>Source Files\msg</Filter>
    </ClCompile>
    <ClCompile Include="..\..\libsofia-sip-ua\msg\msg_basic.c">
      <Filter>Source Files\msg</Filter>
    </ClCompile>
    <ClCompile Include="..\..\libsofia-sip-ua\msg\msg_date.c">
      <Filter>Source Files\msg</Filter>
    </ClCompile>
    <ClCompile Include="..\..\libsofia-sip-ua\msg\msg_generic.c">
      <Filter>Source Files\msg</Filter>
    </ClCompile>
    <ClCompile Include="..\..\libsofia-sip-ua\msg\msg_header_copy.c">
      <Filter>Source Files\msg</Filter>
    </ClCompile>
    <ClCompile Include="..\..\libsofia-sip-ua\msg\msg_header_make.c">
      <Filter>Source Files\msg</Filter>
    </ClCompile>
    <ClCompile Include="..\..\libsofia-sip-ua\msg\msg_mclass.c">
      <Filter>Source Files\msg</Filter>
    </ClCompile>
    <ClCompile Include="..\..\libsofia-sip-ua\msg\msg_mime.c">
      <Filter>Source Files\msg</Filter>
    </ClCompile>
    <ClCompile Include="..\..\libsofia-sip-ua\msg\msg_mime_table.c">
      <Filter>Source Files\msg</Filter>
    </ClCompile>
    <ClCompile Include="..\..\libsofia-sip-ua\msg\msg_parser.c">
      <Filter>Source Files\msg</Filter>
    </ClCompile>
    <ClCompile Include="..\..\libsofia-sip-ua\msg\msg_parser_util.c">
      <Filter>Source Files\msg</Filter>
    </ClCompile>
    <ClCompile Include="..\..\libsofia-sip-ua\msg\msg_tag.c">
      <Filter>Source Files\msg</Filter>
    </ClCompile>
    <ClCompile Include="..\..\libsofia-sip-ua\su\memcspn.c">
      <Filter>Source Files\clib replacement</Filter>
    </ClCompile>
    <ClCompile Include="..\..\libsofia-sip-ua\su\memmem.c">
      <Filter>Source Files\clib replacement</Filter>
    </ClCompile>
    <ClCompile Include="..\..\libsofia-sip-ua\su\memspn.c">
      <Filter>Source Files\clib replacement</Filter>
    </ClCompile>
    <ClCompile Include="..\..\libsofia-sip-ua\su\su_string.c">
      <Filter>Source Files\clib replacement</Filter>
    </ClCompile>
    <ClCompile Include="..\..\libsofia-sip-ua\su\strtoull.c">
      <Filter>Source Files\clib replacement</Filter>
    </ClCompile>
    <ClCompile Include="..\..\libsofia-sip-ua\sip\sip_basic.c">
      <Filter>Source Files\sip</Filter>
    </ClCompile>
    <ClCompile Include="..\..\libsofia-sip-ua\sip\sip_caller_prefs.c">
      <Filter>Source Files\sip</Filter>
    </ClCompile>
    <ClCompile Include="..\..\libsofia-sip-ua\sip\sip_event.c">
      <Filter>Source Files\sip</Filter>
    </ClCompile>
    <ClCompile Include="..\..\libsofia-sip-ua\sip\sip_extra.c">
      <Filter>Source Files\sip</Filter>
    </ClCompile>
    <ClCompile Include="..\..\libsofia-sip-ua\sip\sip_feature.c">
      <Filter>Source Files\sip</Filter>
    </ClCompile>
    <ClCompile Include="..\..\libsofia-sip-ua\sip\sip_header.c">
      <Filter>Source Files\sip</Filter>
    </ClCompile>
    <ClCompile Include="..\..\libsofia-sip-ua\sip\sip_mime.c">
      <Filter>Source Files\sip</Filter>
    </ClCompile>
    <ClCompile Include="..\..\libsofia-sip-ua\sip\sip_parser.c">
      <Filter>Source Files\sip</Filter>
    </ClCompile>
    <ClCompile Include="..\..\libsofia-sip-ua\sip\sip_parser_table.c">
      <Filter>Source Files\sip</Filter>
    </ClCompile>
    <ClCompile Include="..\..\libsofia-sip-ua\sip\sip_prack.c">
      <Filter>Source Files\sip</Filter>
    </ClCompile>
    <ClCompile Include="..\..\libsofia-sip-ua\sip\sip_pref_util.c">
      <Filter>Source Files\sip</Filter>
    </ClCompile>
    <ClCompile Include="..\..\libsofia-sip-ua\sip\sip_reason.c">
      <Filter>Source Files\sip</Filter>
    </ClCompile>
    <ClCompile Include="..\..\libsofia-sip-ua\sip\sip_refer.c">
      <Filter>Source Files\sip</Filter>
    </ClCompile>
    <ClCompile Include="..\..\libsofia-sip-ua\sip\sip_security.c">
      <Filter>Source Files\sip</Filter>
    </ClCompile>
    <ClCompile Include="..\..\libsofia-sip-ua\sip\sip_session.c">
      <Filter>Source Files\sip</Filter>
    </ClCompile>
    <ClCompile Include="..\..\libsofia-sip-ua\sip\sip_status.c">
      <Filter>Source Files\sip</Filter>
    </ClCompile>
    <ClCompile Include="..\..\libsofia-sip-ua\sip\sip_tag.c">
      <Filter>Source Files\sip</Filter>
    </ClCompile>
    <ClCompile Include="..\..\libsofia-sip-ua\sip\sip_tag_class.c">
      <Filter>Source Files\sip</Filter>
    </ClCompile>
    <ClCompile Include="..\..\libsofia-sip-ua\sip\sip_tag_ref.c">
      <Filter>Source Files\sip</Filter>
    </ClCompile>
    <ClCompile Include="..\..\libsofia-sip-ua\sip\sip_time.c">
      <Filter>Source Files\sip</Filter>
    </ClCompile>
    <ClCompile Include="..\..\libsofia-sip-ua\sip\sip_util.c">
      <Filter>Source Files\sip</Filter>
    </ClCompile>
    <ClCompile Include="..\..\libsofia-sip-ua\http\http_basic.c">
      <Filter>Source Files\http</Filter>
    </ClCompile>
    <ClCompile Include="..\..\libsofia-sip-ua\http\http_extra.c">
      <Filter>Source Files\http</Filter>
    </ClCompile>
    <ClCompile Include="..\..\libsofia-sip-ua\http\http_header.c">
      <Filter>Source Files\http</Filter>
    </ClCompile>
    <ClCompile Include="..\..\libsofia-sip-ua\http\http_parser.c">
      <Filter>Source Files\http</Filter>
    </ClCompile>
    <ClCompile Include="..\..\libsofia-sip-ua\http\http_parser_table.c">
      <Filter>Source Files\http</Filter>
    </ClCompile>
    <ClCompile Include="..\..\libsofia-sip-ua\http\http_status.c">
      <Filter>Source Files\http</Filter>
    </ClCompile>
    <ClCompile Include="..\..\libsofia-sip-ua\http\http_tag.c">
      <Filter>Source Files\http</Filter>
    </ClCompile>
    <ClCompile Include="..\..\libsofia-sip-ua\http\http_tag_class.c">
      <Filter>Source Files\http</Filter>
    </ClCompile>
    <ClCompile Include="..\..\libsofia-sip-ua\http\http_tag_ref.c">
      <Filter>Source Files\http</Filter>
    </ClCompile>
    <ClCompile Include="..\..\libsofia-sip-ua\nth\nth_client.c">
      <Filter>Source Files\nth</Filter>
    </ClCompile>
    <ClCompile Include="..\..\libsofia-sip-ua\nth\nth_server.c">
      <Filter>Source Files\nth</Filter>
    </ClCompile>
    <ClCompile Include="..\..\libsofia-sip-ua\nth\nth_tag.c">
      <Filter>Source Files\nth</Filter>
    </ClCompile>
    <ClCompile Include="..\..\libsofia-sip-ua\nth\nth_tag_ref.c">
      <Filter>Source Files\nth</Filter>
    </ClCompile>
    <ClCompile Include="..\..\libsofia-sip-ua\sresolv\sres.c">
      <Filter>Source Files\sresolv</Filter>
    </ClCompile>
    <ClCompile Include="..\..\libsofia-sip-ua\sresolv\sres_blocking.c">
      <Filter>Source Files\sresolv</Filter>
    </ClCompile>
    <ClCompile Include="..\..\libsofia-sip-ua\sresolv\sres_cache.c">
      <Filter>Source Files\sresolv</Filter>
    </ClCompile>
    <ClCompile Include="..\..\libsofia-sip-ua\sresolv\sres_sip.c">
      <Filter>Source Files\sresolv</Filter>
    </ClCompile>
    <ClCompile Include="..\..\libsofia-sip-ua\sresolv\sresolv.c">
      <Filter>Source Files\sresolv</Filter>
    </ClCompile>
    <ClCompile Include="..\..\libsofia-sip-ua\nea\nea.c">
      <Filter>Source Files\nea</Filter>
    </ClCompile>
    <ClCompile Include="..\..\libsofia-sip-ua\nea\nea_debug.c">
      <Filter>Source Files\nea</Filter>
    </ClCompile>
    <ClCompile Include="..\..\libsofia-sip-ua\nea\nea_event.c">
      <Filter>Source Files\nea</Filter>
    </ClCompile>
    <ClCompile Include="..\..\libsofia-sip-ua\nea\nea_server.c">
      <Filter>Source Files\nea</Filter>
    </ClCompile>
    <ClCompile Include="..\..\libsofia-sip-ua\nea\nea_tag.c">
      <Filter>Source Files\nea</Filter>
    </ClCompile>
    <ClCompile Include="..\..\libsofia-sip-ua\nea\nea_tag_ref.c">
      <Filter>Source Files\nea</Filter>
    </ClCompile>
    <ClCompile Include="..\..\libsofia-sip-ua\iptsec\auth_client.c">
      <Filter>Source Files\iptsec</Filter>
    </ClCompile>
    <ClCompile Include="..\..\libsofia-sip-ua\iptsec\auth_common.c">
      <Filter>Source Files\iptsec</Filter>
    </ClCompile>
    <ClCompile Include="..\..\libsofia-sip-ua\iptsec\auth_digest.c">
      <Filter>Source Files\iptsec</Filter>
    </ClCompile>
    <ClCompile Include="..\..\libsofia-sip-ua\iptsec\auth_module.c">
      <Filter>Source Files\iptsec</Filter>
    </ClCompile>
    <ClCompile Include="..\..\libsofia-sip-ua\iptsec\auth_module_http.c">
      <Filter>Source Files\iptsec</Filter>
    </ClCompile>
    <ClCompile Include="..\..\libsofia-sip-ua\iptsec\auth_module_sip.c">
      <Filter>Source Files\iptsec</Filter>
    </ClCompile>
    <ClCompile Include="..\..\libsofia-sip-ua\iptsec\auth_plugin.c">
      <Filter>Source Files\iptsec</Filter>
    </ClCompile>
    <ClCompile Include="..\..\libsofia-sip-ua\iptsec\auth_plugin_delayed.c">
      <Filter>Source Files\iptsec</Filter>
    </ClCompile>
    <ClCompile Include="..\..\libsofia-sip-ua\iptsec\auth_tag.c">
      <Filter>Source Files\iptsec</Filter>
    </ClCompile>
    <ClCompile Include="..\..\libsofia-sip-ua\iptsec\auth_tag_ref.c">
      <Filter>Source Files\iptsec</Filter>
    </ClCompile>
    <ClCompile Include="..\..\libsofia-sip-ua\iptsec\iptsec_debug.c">
      <Filter>Source Files\iptsec</Filter>
    </ClCompile>
    <ClCompile Include="..\..\libsofia-sip-ua\stun\stun.c">
      <Filter>Source Files\stun</Filter>
    </ClCompile>
    <ClCompile Include="..\..\libsofia-sip-ua\stun\stun_common.c">
      <Filter>Source Files\stun</Filter>
    </ClCompile>
    <ClCompile Include="..\..\libsofia-sip-ua\stun\stun_dns.c">
      <Filter>Source Files\stun</Filter>
    </ClCompile>
    <ClCompile Include="..\..\libsofia-sip-ua\stun\stun_mini.c">
      <Filter>Source Files\stun</Filter>
    </ClCompile>
    <ClCompile Include="..\..\libsofia-sip-ua\stun\stun_tag.c">
      <Filter>Source Files\stun</Filter>
    </ClCompile>
    <ClCompile Include="..\..\libsofia-sip-ua\stun\stun_tag_ref.c">
      <Filter>Source Files\stun</Filter>
    </ClCompile>
    <ClCompile Include="..\..\libsofia-sip-ua\nua\nua.c">
      <Filter>Source Files\nua</Filter>
    </ClCompile>
    <ClCompile Include="..\..\libsofia-sip-ua\nua\nua_common.c">
      <Filter>Source Files\nua</Filter>
    </ClCompile>
    <ClCompile Include="..\..\libsofia-sip-ua\nua\nua_dialog.c">
      <Filter>Source Files\nua</Filter>
    </ClCompile>
    <ClCompile Include="..\..\libsofia-sip-ua\nua\nua_event_server.c">
      <Filter>Source Files\nua</Filter>
    </ClCompile>
    <ClCompile Include="..\..\libsofia-sip-ua\nua\nua_extension.c">
      <Filter>Source Files\nua</Filter>
    </ClCompile>
    <ClCompile Include="..\..\libsofia-sip-ua\nua\nua_message.c">
      <Filter>Source Files\nua</Filter>
    </ClCompile>
    <ClCompile Include="..\..\libsofia-sip-ua\nua\nua_notifier.c">
      <Filter>Source Files\nua</Filter>
    </ClCompile>
    <ClCompile Include="..\..\libsofia-sip-ua\nua\nua_options.c">
      <Filter>Source Files\nua</Filter>
    </ClCompile>
    <ClCompile Include="..\..\libsofia-sip-ua\nua\nua_params.c">
      <Filter>Source Files\nua</Filter>
    </ClCompile>
    <ClCompile Include="..\..\libsofia-sip-ua\nua\nua_publish.c">
      <Filter>Source Files\nua</Filter>
    </ClCompile>
    <ClCompile Include="..\..\libsofia-sip-ua\nua\nua_register.c">
      <Filter>Source Files\nua</Filter>
    </ClCompile>
    <ClCompile Include="..\..\libsofia-sip-ua\nua\nua_registrar.c">
      <Filter>Source Files\nua</Filter>
    </ClCompile>
    <ClCompile Include="..\..\libsofia-sip-ua\nua\nua_session.c">
      <Filter>Source Files\nua</Filter>
    </ClCompile>
    <ClCompile Include="..\..\libsofia-sip-ua\nua\nua_stack.c">
      <Filter>Source Files\nua</Filter>
    </ClCompile>
    <ClCompile Include="..\..\libsofia-sip-ua\nua\nua_client.c">
      <Filter>Source Files\nua</Filter>
    </ClCompile>
    <ClCompile Include="..\..\libsofia-sip-ua\nua\nua_server.c">
      <Filter>Source Files\nua</Filter>
    </ClCompile>
    <ClCompile Include="..\..\libsofia-sip-ua\nua\nua_subnotref.c">
      <Filter>Source Files\nua</Filter>
    </ClCompile>
    <ClCompile Include="..\..\libsofia-sip-ua\nua\nua_tag.c">
      <Filter>Source Files\nua</Filter>
    </ClCompile>
    <ClCompile Include="..\..\libsofia-sip-ua\nua\nua_tag_ref.c">
      <Filter>Source Files\nua</Filter>
    </ClCompile>
    <ClCompile Include="..\..\libsofia-sip-ua\nua\outbound.c">
      <Filter>Source Files\nua</Filter>
    </ClCompile>
    <ClCompile Include="..\..\libsofia-sip-ua\nta\nta.c">
      <Filter>Source Files\nta</Filter>
    </ClCompile>
    <ClCompile Include="..\..\libsofia-sip-ua\nta\nta_check.c">
      <Filter>Source Files\nta</Filter>
    </ClCompile>
    <ClCompile Include="..\..\libsofia-sip-ua\nta\nta_tag.c">
      <Filter>Source Files\nta</Filter>
    </ClCompile>
    <ClCompile Include="..\..\libsofia-sip-ua\nta\nta_tag_ref.c">
      <Filter>Source Files\nta</Filter>
    </ClCompile>
    <ClCompile Include="..\..\libsofia-sip-ua\nta\sl_read_payload.c">
      <Filter>Source Files\nta</Filter>
    </ClCompile>
    <ClCompile Include="..\..\libsofia-sip-ua\nta\sl_utils_log.c">
      <Filter>Source Files\nta</Filter>
    </ClCompile>
    <ClCompile Include="..\..\libsofia-sip-ua\nta\sl_utils_print.c">
      <Filter>Source Files\nta</Filter>
    </ClCompile>
    <ClCompile Include="..\..\libsofia-sip-ua\tport\tport.c">
      <Filter>Source Files\tport</Filter>
    </ClCompile>
    <ClCompile Include="..\..\libsofia-sip-ua\tport\tport_logging.c">
      <Filter>Source Files\tport</Filter>
    </ClCompile>
    <ClCompile Include="..\..\libsofia-sip-ua\tport\tport_stub_sigcomp.c">
      <Filter>Source Files\tport</Filter>
    </ClCompile>
    <ClCompile Include="..\..\libsofia-sip-ua\tport\tport_stub_stun.c">
      <Filter>Source Files\tport</Filter>
    </ClCompile>
    <ClCompile Include="..\..\libsofia-sip-ua\tport\tport_tag.c">
      <Filter>Source Files\tport</Filter>
    </ClCompile>
    <ClCompile Include="..\..\libsofia-sip-ua\tport\tport_tag_ref.c">
      <Filter>Source Files\tport</Filter>
    </ClCompile>
    <ClCompile Include="..\..\libsofia-sip-ua\tport\tport_type_connect.c">
      <Filter>Source Files\tport</Filter>
    </ClCompile>
    <ClCompile Include="..\..\libsofia-sip-ua\tport\tport_type_tcp.c">
      <Filter>Source Files\tport</Filter>
    </ClCompile>
    <ClCompile Include="..\..\libsofia-sip-ua\tport\tport_type_udp.c">
      <Filter>Source Files\tport</Filter>
    </ClCompile>
    <ClCompile Include="..\..\libsofia-sip-ua\sdp\sdp.c">
      <Filter>Source Files\sdp</Filter>
    </ClCompile>
    <ClCompile Include="..\..\libsofia-sip-ua\sdp\sdp_parse.c">
      <Filter>Source Files\sdp</Filter>
    </ClCompile>
    <ClCompile Include="..\..\libsofia-sip-ua\sdp\sdp_print.c">
      <Filter>Source Files\sdp</Filter>
    </ClCompile>
    <ClCompile Include="..\..\libsofia-sip-ua\sdp\sdp_tag.c">
      <Filter>Source Files\sdp</Filter>
    </ClCompile>
    <ClCompile Include="..\..\libsofia-sip-ua\sdp\sdp_tag_ref.c">
      <Filter>Source Files\sdp</Filter>
    </ClCompile>
    <ClCompile Include="..\..\libsofia-sip-ua\soa\soa.c">
      <Filter>Source Files\soa</Filter>
    </ClCompile>
    <ClCompile Include="..\..\libsofia-sip-ua\soa\soa_static.c">
      <Filter>Source Files\soa</Filter>
    </ClCompile>
    <ClCompile Include="..\..\libsofia-sip-ua\soa\soa_tag.c">
      <Filter>Source Files\soa</Filter>
    </ClCompile>
    <ClCompile Include="..\..\libsofia-sip-ua\soa\soa_tag_ref.c">
      <Filter>Source Files\soa</Filter>
    </ClCompile>
  </ItemGroup>
  <ItemGroup>
    <ClInclude Include="..\..\libsofia-sip-ua\stun\stun_internal.h">
      <Filter>Source Files\stun</Filter>
    </ClInclude>
    <ClInclude Include="..\..\libsofia-sip-ua\nua\nua_dialog.h">
      <Filter>Source Files\nua</Filter>
    </ClInclude>
    <ClInclude Include="..\..\libsofia-sip-ua\nua\nua_params.h">
      <Filter>Source Files\nua</Filter>
    </ClInclude>
    <ClInclude Include="..\..\libsofia-sip-ua\nua\nua_stack.h">
      <Filter>Source Files\nua</Filter>
    </ClInclude>
    <ClInclude Include="..\..\libsofia-sip-ua\nua\nua_client.h">
      <Filter>Source Files\nua</Filter>
    </ClInclude>
    <ClInclude Include="..\..\libsofia-sip-ua\nua\nua_server.h">
      <Filter>Source Files\nua</Filter>
    </ClInclude>
    <ClInclude Include="..\..\libsofia-sip-ua\nua\outbound.h">
      <Filter>Source Files\nua</Filter>
    </ClInclude>
    <ClInclude Include="..\..\libsofia-sip-ua\tport\tport_internal.h">
      <Filter>Source Files\tport</Filter>
    </ClInclude>
    <ClInclude Include="..\..\libsofia-sip-ua\soa\sofia-sip\soa_session.h">
      <Filter>Source Files\soa</Filter>
    </ClInclude>
    <ClInclude Include="..\..\libsofia-sip-ua\su\sofia-sip\htable.h">
      <Filter>Header Files\su headers</Filter>
    </ClInclude>
    <ClInclude Include="..\..\libsofia-sip-ua\su\sofia-sip\htable2.h">
      <Filter>Header Files\su headers</Filter>
    </ClInclude>
    <ClInclude Include="..\..\libsofia-sip-ua\su\sofia-sip\rbtree.h">
      <Filter>Header Files\su headers</Filter>
    </ClInclude>
    <ClInclude Include="..\..\libsofia-sip-ua\su\sofia-sip\string0.h">
      <Filter>Header Files\su headers</Filter>
    </ClInclude>
    <ClInclude Include="..\..\libsofia-sip-ua\su\sofia-sip\su_string.h">
      <Filter>Header Files\su headers</Filter>
    </ClInclude>
    <ClInclude Include="..\..\libsofia-sip-ua\su\sofia-sip\su.h">
      <Filter>Header Files\su headers</Filter>
    </ClInclude>
    <ClInclude Include="..\..\libsofia-sip-ua\su\sofia-sip\su_addrinfo.h">
      <Filter>Header Files\su headers</Filter>
    </ClInclude>
    <ClInclude Include="..\..\libsofia-sip-ua\su\sofia-sip\su_alloc.h">
      <Filter>Header Files\su headers</Filter>
    </ClInclude>
    <ClInclude Include="..\..\libsofia-sip-ua\su\sofia-sip\su_alloc_stat.h">
      <Filter>Header Files\su headers</Filter>
    </ClInclude>
    <ClInclude Include="..\..\libsofia-sip-ua\su\sofia-sip\su_bm.h">
      <Filter>Header Files\su headers</Filter>
    </ClInclude>
    <ClInclude Include="..\..\libsofia-sip-ua\su\sofia-sip\su_config.h">
      <Filter>Header Files\su headers</Filter>
    </ClInclude>
    <ClInclude Include="..\..\libsofia-sip-ua\su\sofia-sip\su_debug.h">
      <Filter>Header Files\su headers</Filter>
    </ClInclude>
    <ClInclude Include="..\..\libsofia-sip-ua\su\sofia-sip\su_errno.h">
      <Filter>Header Files\su headers</Filter>
    </ClInclude>
    <ClInclude Include="..\..\libsofia-sip-ua\su\sofia-sip\su_localinfo.h">
      <Filter>Header Files\su headers</Filter>
    </ClInclude>
    <ClInclude Include="..\..\libsofia-sip-ua\su\sofia-sip\su_log.h">
      <Filter>Header Files\su headers</Filter>
    </ClInclude>
    <ClInclude Include="..\..\libsofia-sip-ua\su\sofia-sip\su_md5.h">
      <Filter>Header Files\su headers</Filter>
    </ClInclude>
    <ClInclude Include="..\..\libsofia-sip-ua\su\su_module_debug.h">
      <Filter>Header Files\su headers</Filter>
    </ClInclude>
    <ClInclude Include="..\..\libsofia-sip-ua\su\sofia-sip\su_os_nw.h">
      <Filter>Header Files\su headers</Filter>
    </ClInclude>
    <ClInclude Include="..\..\libsofia-sip-ua\su\su_port.h">
      <Filter>Header Files\su headers</Filter>
    </ClInclude>
    <ClInclude Include="..\..\libsofia-sip-ua\su\sofia-sip\su_source.h">
      <Filter>Header Files\su headers</Filter>
    </ClInclude>
    <ClInclude Include="..\..\libsofia-sip-ua\su\sofia-sip\su_strlst.h">
      <Filter>Header Files\su headers</Filter>
    </ClInclude>
    <ClInclude Include="..\..\libsofia-sip-ua\su\sofia-sip\su_tag.h">
      <Filter>Header Files\su headers</Filter>
    </ClInclude>
    <ClInclude Include="..\..\libsofia-sip-ua\su\sofia-sip\su_tag_class.h">
      <Filter>Header Files\su headers</Filter>
    </ClInclude>
    <ClInclude Include="..\..\libsofia-sip-ua\su\sofia-sip\su_tag_inline.h">
      <Filter>Header Files\su headers</Filter>
    </ClInclude>
    <ClInclude Include="..\..\libsofia-sip-ua\su\sofia-sip\su_tag_io.h">
      <Filter>Header Files\su headers</Filter>
    </ClInclude>
    <ClInclude Include="..\..\libsofia-sip-ua\su\sofia-sip\su_tagarg.h">
      <Filter>Header Files\su headers</Filter>
    </ClInclude>
    <ClInclude Include="..\..\libsofia-sip-ua\su\sofia-sip\su_time.h">
      <Filter>Header Files\su headers</Filter>
    </ClInclude>
    <ClInclude Include="..\..\libsofia-sip-ua\su\sofia-sip\su_types.h">
      <Filter>Header Files\su headers</Filter>
    </ClInclude>
    <ClInclude Include="..\..\libsofia-sip-ua\su\sofia-sip\su_uniqueid.h">
      <Filter>Header Files\su headers</Filter>
    </ClInclude>
    <ClInclude Include="..\..\libsofia-sip-ua\su\sofia-sip\su_vector.h">
      <Filter>Header Files\su headers</Filter>
    </ClInclude>
    <ClInclude Include="..\..\libsofia-sip-ua\su\sofia-sip\su_wait.h">
      <Filter>Header Files\su headers</Filter>
    </ClInclude>
    <ClInclude Include="..\..\libsofia-sip-ua\su\sofia-sip\tstdef.h">
      <Filter>Header Files\su headers</Filter>
    </ClInclude>
    <ClInclude Include="..\config.h">
      <Filter>Header Files\win32 headers</Filter>
    </ClInclude>
    <ClInclude Include="..\sofia-sip\su_configure.h">
      <Filter>Header Files\win32 headers</Filter>
    </ClInclude>
    <ClInclude Include="..\unistd.h">
      <Filter>Header Files\win32 headers</Filter>
    </ClInclude>
    <ClInclude Include="..\..\libsofia-sip-ua\ipt\sofia-sip\base64.h">
      <Filter>Header Files\ipt headers</Filter>
    </ClInclude>
    <ClInclude Include="..\..\libsofia-sip-ua\ipt\sofia-sip\rc4.h">
      <Filter>Header Files\ipt headers</Filter>
    </ClInclude>
    <ClInclude Include="..\..\libsofia-sip-ua\ipt\sofia-sip\token64.h">
      <Filter>Header Files\ipt headers</Filter>
    </ClInclude>
    <ClInclude Include="..\..\libsofia-sip-ua\url\sofia-sip\url.h">
      <Filter>Header Files\url headers</Filter>
    </ClInclude>
    <ClInclude Include="..\..\libsofia-sip-ua\url\sofia-sip\url_tag.h">
      <Filter>Header Files\url headers</Filter>
    </ClInclude>
    <ClInclude Include="..\..\libsofia-sip-ua\url\sofia-sip\url_tag_class.h">
      <Filter>Header Files\url headers</Filter>
    </ClInclude>
    <ClInclude Include="..\..\libsofia-sip-ua\features\sofia-sip\sofia_features.h">
      <Filter>Header Files\features headers</Filter>
    </ClInclude>
    <ClInclude Include="..\..\libsofia-sip-ua\bnf\sofia-sip\bnf.h">
      <Filter>Header Files\bnf headers</Filter>
    </ClInclude>
    <ClInclude Include="..\..\libsofia-sip-ua\bnf\sofia-sip\hostdomain.h">
      <Filter>Header Files\bnf headers</Filter>
    </ClInclude>
    <ClInclude Include="..\..\libsofia-sip-ua\msg\sofia-sip\msg.h">
      <Filter>Header Files\msg headers</Filter>
    </ClInclude>
    <ClInclude Include="..\..\libsofia-sip-ua\msg\sofia-sip\msg_addr.h">
      <Filter>Header Files\msg headers</Filter>
    </ClInclude>
    <ClInclude Include="..\..\libsofia-sip-ua\msg\msg_bnf.h">
      <Filter>Header Files\msg headers</Filter>
    </ClInclude>
    <ClInclude Include="..\..\libsofia-sip-ua\msg\sofia-sip\msg_buffer.h">
      <Filter>Header Files\msg headers</Filter>
    </ClInclude>
    <ClInclude Include="..\..\libsofia-sip-ua\msg\sofia-sip\msg_date.h">
      <Filter>Header Files\msg headers</Filter>
    </ClInclude>
    <ClInclude Include="..\..\libsofia-sip-ua\msg\sofia-sip\msg_header.h">
      <Filter>Header Files\msg headers</Filter>
    </ClInclude>
    <ClInclude Include="..\..\libsofia-sip-ua\msg\msg_internal.h">
      <Filter>Header Files\msg headers</Filter>
    </ClInclude>
    <ClInclude Include="..\..\libsofia-sip-ua\msg\sofia-sip\msg_mclass.h">
      <Filter>Header Files\msg headers</Filter>
    </ClInclude>
    <ClInclude Include="..\..\libsofia-sip-ua\msg\sofia-sip\msg_mclass_hash.h">
      <Filter>Header Files\msg headers</Filter>
    </ClInclude>
    <ClInclude Include="..\..\libsofia-sip-ua\msg\sofia-sip\msg_mime.h">
      <Filter>Header Files\msg headers</Filter>
    </ClInclude>
    <ClInclude Include="..\..\libsofia-sip-ua\msg\sofia-sip\msg_mime_protos.h">
      <Filter>Header Files\msg headers</Filter>
    </ClInclude>
    <ClInclude Include="..\..\libsofia-sip-ua\msg\sofia-sip\msg_parser.h">
      <Filter>Header Files\msg headers</Filter>
    </ClInclude>
    <ClInclude Include="..\..\libsofia-sip-ua\msg\sofia-sip\msg_protos.h">
      <Filter>Header Files\msg headers</Filter>
    </ClInclude>
    <ClInclude Include="..\..\libsofia-sip-ua\msg\sofia-sip\msg_tag_class.h">
      <Filter>Header Files\msg headers</Filter>
    </ClInclude>
    <ClInclude Include="..\..\libsofia-sip-ua\msg\sofia-sip\msg_types.h">
      <Filter>Header Files\msg headers</Filter>
    </ClInclude>
    <ClInclude Include="..\..\libsofia-sip-ua\sip\sofia-sip\sip.h">
      <Filter>Header Files\sip headers</Filter>
    </ClInclude>
    <ClInclude Include="..\..\libsofia-sip-ua\sip\sip_extensions.h">
      <Filter>Header Files\sip headers</Filter>
    </ClInclude>
    <ClInclude Include="..\..\libsofia-sip-ua\sip\sofia-sip\sip_hclasses.h">
      <Filter>Header Files\sip headers</Filter>
    </ClInclude>
    <ClInclude Include="..\..\libsofia-sip-ua\sip\sofia-sip\sip_header.h">
      <Filter>Header Files\sip headers</Filter>
    </ClInclude>
    <ClInclude Include="..\..\libsofia-sip-ua\sip\sip_internal.h">
      <Filter>Header Files\sip headers</Filter>
    </ClInclude>
    <ClInclude Include="..\..\libsofia-sip-ua\sip\sofia-sip\sip_parser.h">
      <Filter>Header Files\sip headers</Filter>
    </ClInclude>
    <ClInclude Include="..\..\libsofia-sip-ua\sip\sofia-sip\sip_protos.h">
      <Filter>Header Files\sip headers</Filter>
    </ClInclude>
    <ClInclude Include="..\..\libsofia-sip-ua\sip\sofia-sip\sip_status.h">
      <Filter>Header Files\sip headers</Filter>
    </ClInclude>
    <ClInclude Include="..\..\libsofia-sip-ua\sip\sofia-sip\sip_tag.h">
      <Filter>Header Files\sip headers</Filter>
    </ClInclude>
    <ClInclude Include="..\..\libsofia-sip-ua\sip\sofia-sip\sip_tag_class.h">
      <Filter>Header Files\sip headers</Filter>
    </ClInclude>
    <ClInclude Include="..\..\libsofia-sip-ua\sip\sofia-sip\sip_util.h">
      <Filter>Header Files\sip headers</Filter>
    </ClInclude>
    <ClInclude Include="..\..\libsofia-sip-ua\http\sofia-sip\http.h">
      <Filter>Header Files\http headers</Filter>
    </ClInclude>
    <ClInclude Include="..\..\libsofia-sip-ua\http\sofia-sip\http_hclasses.h">
      <Filter>Header Files\http headers</Filter>
    </ClInclude>
    <ClInclude Include="..\..\libsofia-sip-ua\http\sofia-sip\http_header.h">
      <Filter>Header Files\http headers</Filter>
    </ClInclude>
    <ClInclude Include="..\..\libsofia-sip-ua\http\sofia-sip\http_parser.h">
      <Filter>Header Files\http headers</Filter>
    </ClInclude>
    <ClInclude Include="..\..\libsofia-sip-ua\http\sofia-sip\http_protos.h">
      <Filter>Header Files\http headers</Filter>
    </ClInclude>
    <ClInclude Include="..\..\libsofia-sip-ua\http\sofia-sip\http_status.h">
      <Filter>Header Files\http headers</Filter>
    </ClInclude>
    <ClInclude Include="..\..\libsofia-sip-ua\http\sofia-sip\http_tag.h">
      <Filter>Header Files\http headers</Filter>
    </ClInclude>
    <ClInclude Include="..\..\libsofia-sip-ua\http\sofia-sip\http_tag_class.h">
      <Filter>Header Files\http headers</Filter>
    </ClInclude>
    <ClInclude Include="..\..\libsofia-sip-ua\nth\sofia-sip\nth.h">
      <Filter>Header Files\nth headers</Filter>
    </ClInclude>
    <ClInclude Include="..\..\libsofia-sip-ua\nth\sofia-sip\nth_tag.h">
      <Filter>Header Files\nth headers</Filter>
    </ClInclude>
    <ClInclude Include="..\..\libsofia-sip-ua\sresolv\sofia-resolv\sres.h">
      <Filter>Header Files\sresolv headers</Filter>
    </ClInclude>
    <ClInclude Include="..\..\libsofia-sip-ua\sresolv\sofia-resolv\sres_async.h">
      <Filter>Header Files\sresolv headers</Filter>
    </ClInclude>
    <ClInclude Include="..\..\libsofia-sip-ua\sresolv\sofia-resolv\sres_cache.h">
      <Filter>Header Files\sresolv headers</Filter>
    </ClInclude>
    <ClInclude Include="..\..\libsofia-sip-ua\sresolv\sofia-resolv\sres_config.h">
      <Filter>Header Files\sresolv headers</Filter>
    </ClInclude>
    <ClInclude Include="..\..\libsofia-sip-ua\sresolv\sofia-resolv\sres_record.h">
      <Filter>Header Files\sresolv headers</Filter>
    </ClInclude>
    <ClInclude Include="..\..\libsofia-sip-ua\sresolv\sofia-sip\sresolv.h">
      <Filter>Header Files\sresolv headers</Filter>
    </ClInclude>
    <ClInclude Include="..\..\libsofia-sip-ua\sresolv\sofia-sip\sres_sip.h">
      <Filter>Header Files\sresolv headers</Filter>
    </ClInclude>
    <ClInclude Include="..\..\libsofia-sip-ua\nea\sofia-sip\nea.h">
      <Filter>Header Files\nea headers</Filter>
    </ClInclude>
    <ClInclude Include="..\..\libsofia-sip-ua\nea\nea_debug.h">
      <Filter>Header Files\nea headers</Filter>
    </ClInclude>
    <ClInclude Include="..\..\libsofia-sip-ua\nea\sofia-sip\nea_tag.h">
      <Filter>Header Files\nea headers</Filter>
    </ClInclude>
    <ClInclude Include="..\..\libsofia-sip-ua\iptsec\sofia-sip\auth_client.h">
      <Filter>Header Files\iptsec headers</Filter>
    </ClInclude>
    <ClInclude Include="..\..\libsofia-sip-ua\iptsec\sofia-sip\auth_client_plugin.h">
      <Filter>Header Files\iptsec headers</Filter>
    </ClInclude>
    <ClInclude Include="..\..\libsofia-sip-ua\iptsec\sofia-sip\auth_common.h">
      <Filter>Header Files\iptsec headers</Filter>
    </ClInclude>
    <ClInclude Include="..\..\libsofia-sip-ua\iptsec\sofia-sip\auth_digest.h">
      <Filter>Header Files\iptsec headers</Filter>
    </ClInclude>
    <ClInclude Include="..\..\libsofia-sip-ua\iptsec\sofia-sip\auth_module.h">
      <Filter>Header Files\iptsec headers</Filter>
    </ClInclude>
    <ClInclude Include="..\..\libsofia-sip-ua\iptsec\sofia-sip\auth_ntlm.h">
      <Filter>Header Files\iptsec headers</Filter>
    </ClInclude>
    <ClInclude Include="..\..\libsofia-sip-ua\iptsec\sofia-sip\auth_plugin.h">
      <Filter>Header Files\iptsec headers</Filter>
    </ClInclude>
    <ClInclude Include="..\..\libsofia-sip-ua\iptsec\iptsec_debug.h">
      <Filter>Header Files\iptsec headers</Filter>
    </ClInclude>
    <ClInclude Include="..\..\libsofia-sip-ua\stun\sofia-sip\stun.h">
      <Filter>Header Files\stun headers</Filter>
    </ClInclude>
    <ClInclude Include="..\..\libsofia-sip-ua\stun\sofia-sip\stun_common.h">
      <Filter>Header Files\stun headers</Filter>
    </ClInclude>
    <ClInclude Include="..\..\libsofia-sip-ua\stun\sofia-sip\stun_tag.h">
      <Filter>Header Files\stun headers</Filter>
    </ClInclude>
    <ClInclude Include="..\..\libsofia-sip-ua\nua\sofia-sip\nua.h">
      <Filter>Header Files\nua headers</Filter>
    </ClInclude>
    <ClInclude Include="..\..\libsofia-sip-ua\nua\sofia-sip\nua_tag.h">
      <Filter>Header Files\nua headers</Filter>
    </ClInclude>
    <ClInclude Include="..\..\libsofia-sip-ua\nta\sofia-sip\nta.h">
      <Filter>Header Files\nta headers</Filter>
    </ClInclude>
    <ClInclude Include="..\..\libsofia-sip-ua\nta\nta_internal.h">
      <Filter>Header Files\nta headers</Filter>
    </ClInclude>
    <ClInclude Include="..\..\libsofia-sip-ua\nta\sofia-sip\nta_stateless.h">
      <Filter>Header Files\nta headers</Filter>
    </ClInclude>
    <ClInclude Include="..\..\libsofia-sip-ua\nta\sofia-sip\nta_tag.h">
      <Filter>Header Files\nta headers</Filter>
    </ClInclude>
    <ClInclude Include="..\..\libsofia-sip-ua\nta\sofia-sip\nta_tport.h">
      <Filter>Header Files\nta headers</Filter>
    </ClInclude>
    <ClInclude Include="..\..\libsofia-sip-ua\nta\sofia-sip\sl_utils.h">
      <Filter>Header Files\nta headers</Filter>
    </ClInclude>
    <ClInclude Include="..\..\libsofia-sip-ua\tport\sofia-sip\tport.h">
      <Filter>Header Files\tport headers</Filter>
    </ClInclude>
    <ClInclude Include="..\..\libsofia-sip-ua\tport\sofia-sip\tport_plugins.h">
      <Filter>Header Files\tport headers</Filter>
    </ClInclude>
    <ClInclude Include="..\..\libsofia-sip-ua\tport\sofia-sip\tport_tag.h">
      <Filter>Header Files\tport headers</Filter>
    </ClInclude>
    <ClInclude Include="..\..\libsofia-sip-ua\tport\tport_tls.h">
      <Filter>Header Files\tport headers</Filter>
    </ClInclude>
    <ClInclude Include="..\..\libsofia-sip-ua\sdp\sofia-sip\sdp.h">
      <Filter>Header Files\sdp headers</Filter>
    </ClInclude>
    <ClInclude Include="..\..\libsofia-sip-ua\sdp\sofia-sip\sdp_tag.h">
      <Filter>Header Files\sdp headers</Filter>
    </ClInclude>
    <ClInclude Include="..\..\libsofia-sip-ua\soa\sofia-sip\soa.h">
      <Filter>Header Files\soa headers</Filter>
    </ClInclude>
    <ClInclude Include="..\..\libsofia-sip-ua\soa\sofia-sip\soa_add.h">
      <Filter>Header Files\soa headers</Filter>
    </ClInclude>
    <ClInclude Include="..\..\libsofia-sip-ua\soa\sofia-sip\soa_tag.h">
      <Filter>Header Files\soa headers</Filter>
    </ClInclude>
  </ItemGroup>
</Project>